
Microsoft Visual Studio Solution File, Format Version 12.00
# Visual Studio Version 16
VisualStudioVersion = 16.0.29424.173
MinimumVisualStudioVersion = 10.0.40219.1
Project("{9A19103F-16F7-4668-BE54-9A1E7A4F7556}") = "GlobalServer", "GlobalServer\GlobalServer.csproj", "{4FB30DBC-5449-42DA-B703-25EB10141575}"
EndProject
Project("{9A19103F-16F7-4668-BE54-9A1E7A4F7556}") = "GlobalServer.Api", "GlobaleServer.Api\GlobalServer.Api.csproj", "{31DAB3BB-AAC7-4959-9007-A6E6832C0096}"
EndProject
Project("{9A19103F-16F7-4668-BE54-9A1E7A4F7556}") = "GlobalServer.Properties", "GlobalServer.Properties\GlobalServer.Properties.csproj", "{779F0B26-1D47-4487-889E-5EA680CCBE13}"
EndProject
Project("{FAE04EC0-301F-11D3-BF4B-00C04F79EFBC}") = "GlobalServer.Tests", "GlobalServer.Tests\GlobalServer.Tests.csproj", "{E4C97C35-00D6-4EC8-AA40-5BD6ACB80D86}"
EndProject
Global
	GlobalSection(SolutionConfigurationPlatforms) = preSolution
		Debug|Any CPU = Debug|Any CPU
		Release|Any CPU = Release|Any CPU
	EndGlobalSection
	GlobalSection(ProjectConfigurationPlatforms) = postSolution
		{4FB30DBC-5449-42DA-B703-25EB10141575}.Debug|Any CPU.ActiveCfg = Debug|Any CPU
		{4FB30DBC-5449-42DA-B703-25EB10141575}.Debug|Any CPU.Build.0 = Debug|Any CPU
		{4FB30DBC-5449-42DA-B703-25EB10141575}.Release|Any CPU.ActiveCfg = Release|Any CPU
		{4FB30DBC-5449-42DA-B703-25EB10141575}.Release|Any CPU.Build.0 = Release|Any CPU
		{31DAB3BB-AAC7-4959-9007-A6E6832C0096}.Debug|Any CPU.ActiveCfg = Debug|Any CPU
		{31DAB3BB-AAC7-4959-9007-A6E6832C0096}.Debug|Any CPU.Build.0 = Debug|Any CPU
		{31DAB3BB-AAC7-4959-9007-A6E6832C0096}.Release|Any CPU.ActiveCfg = Release|Any CPU
		{31DAB3BB-AAC7-4959-9007-A6E6832C0096}.Release|Any CPU.Build.0 = Release|Any CPU
		{779F0B26-1D47-4487-889E-5EA680CCBE13}.Debug|Any CPU.ActiveCfg = Debug|Any CPU
		{779F0B26-1D47-4487-889E-5EA680CCBE13}.Debug|Any CPU.Build.0 = Debug|Any CPU
		{779F0B26-1D47-4487-889E-5EA680CCBE13}.Release|Any CPU.ActiveCfg = Release|Any CPU
		{779F0B26-1D47-4487-889E-5EA680CCBE13}.Release|Any CPU.Build.0 = Release|Any CPU
		{E4C97C35-00D6-4EC8-AA40-5BD6ACB80D86}.Debug|Any CPU.ActiveCfg = Debug|Any CPU
		{E4C97C35-00D6-4EC8-AA40-5BD6ACB80D86}.Debug|Any CPU.Build.0 = Debug|Any CPU
		{E4C97C35-00D6-4EC8-AA40-5BD6ACB80D86}.Release|Any CPU.ActiveCfg = Release|Any CPU
		{E4C97C35-00D6-4EC8-AA40-5BD6ACB80D86}.Release|Any CPU.Build.0 = Release|Any CPU
	EndGlobalSection
	GlobalSection(SolutionProperties) = preSolution
		HideSolutionNode = FALSE
	EndGlobalSection
	GlobalSection(ExtensibilityGlobals) = postSolution
		SolutionGuid = {3253ADC1-3ED1-49FA-9B26-5A16AF605476}
	EndGlobalSection
EndGlobal
